
Microsoft Visual Studio Solution File, Format Version 12.00
# Visual Studio Version 16
VisualStudioVersion = 16.0.31624.102
MinimumVisualStudioVersion = 10.0.40219.1
Project("{9A19103F-16F7-4668-BE54-9A1E7A4F7556}") = "AkkaStudy02", "AkkaStudy02\AkkaStudy02.csproj", "{8B6D1B72-6AD5-4E39-ABFE-7253E39E886A}"
EndProject
Project("{9A19103F-16F7-4668-BE54-9A1E7A4F7556}") = "AkkaDI", "AkkaDI\AkkaDI.csproj", "{F945EACC-0F8A-4CB6-A1FD-AEF33E955B34}"
EndProject
Project("{9A19103F-16F7-4668-BE54-9A1E7A4F7556}") = "AkkaFirst", "AkkaFirst\AkkaFirst.csproj", "{941C6C4C-3B28-4AAA-AE0F-E0BB17DCDDF2}"
EndProject
Project("{FAE04EC0-301F-11D3-BF4B-00C04F79EFBC}") = "AkkaLifecycle", "AkkaLifecycle\AkkaLifecycle.csproj", "{61393A86-939C-4C0E-8E76-27D8B65AB203}"
EndProject
Global
	GlobalSection(SolutionConfigurationPlatforms) = preSolution
		Debug|Any CPU = Debug|Any CPU
		Release|Any CPU = Release|Any CPU
	EndGlobalSection
	GlobalSection(ProjectConfigurationPlatforms) = postSolution
		{8B6D1B72-6AD5-4E39-ABFE-7253E39E886A}.Debug|Any CPU.ActiveCfg = Debug|Any CPU
		{8B6D1B72-6AD5-4E39-ABFE-7253E39E886A}.Debug|Any CPU.Build.0 = Debug|Any CPU
		{8B6D1B72-6AD5-4E39-ABFE-7253E39E886A}.Release|Any CPU.ActiveCfg = Release|Any CPU
		{8B6D1B72-6AD5-4E39-ABFE-7253E39E886A}.Release|Any CPU.Build.0 = Release|Any CPU
		{F945EACC-0F8A-4CB6-A1FD-AEF33E955B34}.Debug|Any CPU.ActiveCfg = Debug|Any CPU
		{F945EACC-0F8A-4CB6-A1FD-AEF33E955B34}.Debug|Any CPU.Build.0 = Debug|Any CPU
		{F945EACC-0F8A-4CB6-A1FD-AEF33E955B34}.Release|Any CPU.ActiveCfg = Release|Any CPU
		{F945EACC-0F8A-4CB6-A1FD-AEF33E955B34}.Release|Any CPU.Build.0 = Release|Any CPU
		{941C6C4C-3B28-4AAA-AE0F-E0BB17DCDDF2}.Debug|Any CPU.ActiveCfg = Debug|Any CPU
		{941C6C4C-3B28-4AAA-AE0F-E0BB17DCDDF2}.Debug|Any CPU.Build.0 = Debug|Any CPU
		{941C6C4C-3B28-4AAA-AE0F-E0BB17DCDDF2}.Release|Any CPU.ActiveCfg = Release|Any CPU
		{941C6C4C-3B28-4AAA-AE0F-E0BB17DCDDF2}.Release|Any CPU.Build.0 = Release|Any CPU
		{61393A86-939C-4C0E-8E76-27D8B65AB203}.Debug|Any CPU.ActiveCfg = Debug|Any CPU
		{61393A86-939C-4C0E-8E76-27D8B65AB203}.Debug|Any CPU.Build.0 = Debug|Any CPU
		{61393A86-939C-4C0E-8E76-27D8B65AB203}.Release|Any CPU.ActiveCfg = Release|Any CPU
		{61393A86-939C-4C0E-8E76-27D8B65AB203}.Release|Any CPU.Build.0 = Release|Any CPU
	EndGlobalSection
	GlobalSection(SolutionProperties) = preSolution
		HideSolutionNode = FALSE
	EndGlobalSection
	GlobalSection(ExtensibilityGlobals) = postSolution
		SolutionGuid = {A9558333-53CC-4192-AF1E-00938C8BD88F}
	EndGlobalSection
EndGlobal
